
Microsoft Visual Studio Solution File, Format Version 12.00
# Visual Studio Version 17
VisualStudioVersion = 17.3.32901.215
MinimumVisualStudioVersion = 10.0.40219.1
Project("{FAE04EC0-301F-11D3-BF4B-00C04F79EFBC}") = "AdventOfCode2022", "AdventOfCode2022.csproj", "{C482FD0B-8B3D-4C01-95B5-4E06FC613A8D}"
EndProject
Global
	GlobalSection(SolutionConfigurationPlatforms) = preSolution
		Debug|Any CPU = Debug|Any CPU
		Release|Any CPU = Release|Any CPU
	EndGlobalSection
	GlobalSection(ProjectConfigurationPlatforms) = postSolution
		{C482FD0B-8B3D-4C01-95B5-4E06FC613A8D}.Debug|Any CPU.ActiveCfg = Debug|Any CPU
		{C482FD0B-8B3D-4C01-95B5-4E06FC613A8D}.Debug|Any CPU.Build.0 = Debug|Any CPU
		{C482FD0B-8B3D-4C01-95B5-4E06FC613A8D}.Release|Any CPU.ActiveCfg = Release|Any CPU
		{C482FD0B-8B3D-4C01-95B5-4E06FC613A8D}.Release|Any CPU.Build.0 = Release|Any CPU
	EndGlobalSection
	GlobalSection(SolutionProperties) = preSolution
		HideSolutionNode = FALSE
	EndGlobalSection
	GlobalSection(ExtensibilityGlobals) = postSolution
		SolutionGuid = {33C53DA2-37A4-4820-A89A-53FF7A93E1A2}
	EndGlobalSection
EndGlobal
